Microsoft Visual Studio Solution File, Format Version 12.00
# Visual Studio Version 17
VisualStudioVersion = 17.5.2.0
MinimumVisualStudioVersion = 10.0.40219.1
Project("{FAE04EC0-301F-11D3-BF4B-00C04F79EFBC}") = "LLSVReader", "LLSVReader.csproj", "{79A17531-CFDC-0B9F-6583-D39A77A26B10}"
EndProject
Global
	GlobalSection(SolutionConfigurationPlatforms) = preSolution
		Debug|Any CPU = Debug|Any CPU
		Release|Any CPU = Release|Any CPU
	EndGlobalSection
	GlobalSection(ProjectConfigurationPlatforms) = postSolution
		{79A17531-CFDC-0B9F-6583-D39A77A26B10}.Debug|Any CPU.ActiveCfg = Debug|Any CPU
		{79A17531-CFDC-0B9F-6583-D39A77A26B10}.Debug|Any CPU.Build.0 = Debug|Any CPU
		{79A17531-CFDC-0B9F-6583-D39A77A26B10}.Release|Any CPU.ActiveCfg = Release|Any CPU
		{79A17531-CFDC-0B9F-6583-D39A77A26B10}.Release|Any CPU.Build.0 = Release|Any CPU
	EndGlobalSection
	GlobalSection(SolutionProperties) = preSolution
		HideSolutionNode = FALSE
	EndGlobalSection
	GlobalSection(ExtensibilityGlobals) = postSolution
		SolutionGuid = {C1AB9E32-570F-4C8A-B968-EE1AF073DDF2}
	EndGlobalSection
EndGlobal
